# Generated by pub
# See https://www.dartlang.org/tools/pub/glossary#lockfile
packages:
  animated_text_kit:
    dependency: "direct main"
    description:
      name: animated_text_kit
      url: "https://pub.dartlang.org"
    source: hosted
    version: "1.3.1"
  async:
    dependency: transitive
    description:
      name: async
      url: "https://pub.dartlang.org"
    source: hosted
    version: "2.1.0"
  boolean_selector:
    dependency: transitive
    description:
      name: boolean_selector
      url: "https://pub.dartlang.org"
    source: hosted
    version: "1.0.4"
  charcode:
    dependency: transitive
    description:
      name: charcode
      url: "https://pub.dartlang.org"
    source: hosted
    version: "1.1.2"
  cloud_firestore:
    dependency: "direct main"
    description:
      name: cloud_firestore
      url: "https://pub.dartlang.org"
    source: hosted
    version: "0.12.7"
  collection:
    dependency: transitive
    description:
      name: collection
      url: "https://pub.dartlang.org"
    source: hosted
    version: "1.14.11"
  convert:
    dependency: transitive
    description:
      name: convert
      url: "https://pub.dartlang.org"
    source: hosted
    version: "2.1.1"
  firebase_core:
    dependency: transitive
    description:
      name: firebase_core
      url: "https://pub.dartlang.org"
    source: hosted
    version: "0.4.0+6"
  fireworks:
    dependency: "direct main"
    description:
      name: fireworks
      url: "https://pub.dartlang.org"
    source: hosted
    version: "0.9.3"
  fixnum:
    dependency: transitive
    description:
      name: fixnum
      url: "https://pub.dartlang.org"
    source: hosted
    version: "0.10.9"
  flutter:
    dependency: "direct main"
    description: flutter
    source: sdk
    version: "0.0.0"
  flutter_blue:
    dependency: "direct main"
    description:
      path: "."
      ref: HEAD
      resolved-ref: f4e16b7250824276b31081322fb5347f0b1244b5
      url: "https://github.com/efortuna/flutter_blue"
    source: git
    version: "0.6.1"
  flutter_spinkit:
    dependency: "direct main"
    description:
      name: flutter_spinkit
      url: "https://pub.dartlang.org"
    source: hosted
    version: "3.1.0"
  flutter_test:
    dependency: "direct dev"
    description: flutter
    source: sdk
    version: "0.0.0"
  flutter_vector_icons:
    dependency: "direct main"
    description:
      name: flutter_vector_icons
      url: "https://pub.dartlang.org"
    source: hosted
    version: "0.1.0"
  font_awesome_flutter:
    dependency: "direct main"
    description:
      name: font_awesome_flutter
      url: "https://pub.dartlang.org"
    source: hosted
    version: "8.4.0"
  matcher:
    dependency: transitive
    description:
      name: matcher
      url: "https://pub.dartlang.org"
    source: hosted
    version: "0.12.5"
  meta:
    dependency: transitive
    description:
      name: meta
      url: "https://pub.dartlang.org"
    source: hosted
    version: "1.1.6"
  path:
    dependency: transitive
    description:
      name: path
      url: "https://pub.dartlang.org"
    source: hosted
    version: "1.6.2"
  pedantic:
    dependency: transitive
    description:
      name: pedantic
      url: "https://pub.dartlang.org"
    source: hosted
    version: "1.5.0"
  pimp_my_button:
    dependency: transitive
    description:
      path: "."
      ref: HEAD
      resolved-ref: "8845aceaafc04ccb1db4cc4e7074395cf698c607"
      url: "git://github.com/Norbert515/pimp_my_button.git"
    source: git
    version: "0.0.1"
  progress_indicators:
    dependency: "direct main"
    description:
      name: progress_indicators
      url: "https://pub.dartlang.org"
    source: hosted
    version: "0.1.4"
  protobuf:
    dependency: transitive
    description:
      name: protobuf
      url: "https://pub.dartlang.org"
    source: hosted
    version: "0.13.12"
  provider:
    dependency: "direct main"
    description:
      name: provider
      url: "https://pub.dartlang.org"
    source: hosted
    version: "3.0.0+1"
  quiver:
    dependency: transitive
    description:
      name: quiver
      url: "https://pub.dartlang.org"
    source: hosted
    version: "2.0.2"
  rxdart:
    dependency: "direct main"
    description:
      name: rxdart
      url: "https://pub.dartlang.org"
    source: hosted
    version: "0.22.0"
  shimmer:
    dependency: "direct main"
    description:
      name: shimmer
      url: "https://pub.dartlang.org"
    source: hosted
    version: "1.0.0"
  sky_engine:
    dependency: transitive
    description: flutter
    source: sdk
    version: "0.0.99"
  source_span:
    dependency: transitive
    description:
      name: source_span
      url: "https://pub.dartlang.org"
    source: hosted
    version: "1.5.5"
  stack_trace:
    dependency: transitive
    description:
      name: stack_trace
      url: "https://pub.dartlang.org"
    source: hosted
    version: "1.9.3"
  stream_channel:
    dependency: transitive
    description:
      name: stream_channel
      url: "https://pub.dartlang.org"
    source: hosted
    version: "2.0.0"
  string_scanner:
    dependency: transitive
    description:
      name: string_scanner
      url: "https://pub.dartlang.org"
    source: hosted
    version: "1.0.4"
  term_glyph:
    dependency: transitive
    description:
      name: term_glyph
      url: "https://pub.dartlang.org"
    source: hosted
    version: "1.1.0"
  test_api:
    dependency: transitive
    description:
      name: test_api
      url: "https://pub.dartlang.org"
    source: hosted
    version: "0.2.4"
  typed_data:
    dependency: transitive
    description:
      name: typed_data
      url: "https://pub.dartlang.org"
    source: hosted
    version: "1.1.6"
  vector_math:
    dependency: transitive
    description:
      name: vector_math
      url: "https://pub.dartlang.org"
    source: hosted
    version: "2.0.8"
sdks:
  dart: ">=2.3.0-dev <3.0.0"
  flutter: ">=1.5.0 <2.0.0"
